
Microsoft Visual Studio Solution File, Format Version 12.00
# Visual Studio Version 17
VisualStudioVersion = 17.11.35303.130
MinimumVisualStudioVersion = 10.0.40219.1
Project("{FAE04EC0-301F-11D3-BF4B-00C04F79EFBC}") = "WeatherReport", "WeatherReport.csproj", "{B39B9737-5BDB-41C0-B4D0-116088D0FC4C}"
EndProject
Global
	GlobalSection(SolutionConfigurationPlatforms) = preSolution
		Debug|Any CPU = Debug|Any CPU
		Release|Any CPU = Release|Any CPU
	EndGlobalSection
	GlobalSection(ProjectConfigurationPlatforms) = postSolution
		{B39B9737-5BDB-41C0-B4D0-116088D0FC4C}.Debug|Any CPU.ActiveCfg = Debug|Any CPU
		{B39B9737-5BDB-41C0-B4D0-116088D0FC4C}.Debug|Any CPU.Build.0 = Debug|Any CPU
		{B39B9737-5BDB-41C0-B4D0-116088D0FC4C}.Release|Any CPU.ActiveCfg = Release|Any CPU
		{B39B9737-5BDB-41C0-B4D0-116088D0FC4C}.Release|Any CPU.Build.0 = Release|Any CPU
	EndGlobalSection
	GlobalSection(SolutionProperties) = preSolution
		HideSolutionNode = FALSE
	EndGlobalSection
	GlobalSection(ExtensibilityGlobals) = postSolution
		SolutionGuid = {4836A3AD-2B9E-408F-A555-24B88D1908F6}
	EndGlobalSection
EndGlobal
